
Microsoft Visual Studio Solution File, Format Version 12.00
# Visual Studio Version 16
VisualStudioVersion = 16.0.29519.87
MinimumVisualStudioVersion = 10.0.40219.1
Project("{00D1A9C2-B5F0-4AF3-8072-F6C62B433612}") = "PowerBILogs", "PowerBILogs.sqlproj", "{E5450865-7D35-4A8D-8AC6-7407F97CCD2C}"
EndProject
Global
	GlobalSection(SolutionConfigurationPlatforms) = preSolution
		Debug|Any CPU = Debug|Any CPU
		Release|Any CPU = Release|Any CPU
	EndGlobalSection
	GlobalSection(ProjectConfigurationPlatforms) = postSolution
		{E5450865-7D35-4A8D-8AC6-7407F97CCD2C}.Debug|Any CPU.ActiveCfg = Debug|Any CPU
		{E5450865-7D35-4A8D-8AC6-7407F97CCD2C}.Debug|Any CPU.Build.0 = Debug|Any CPU
		{E5450865-7D35-4A8D-8AC6-7407F97CCD2C}.Debug|Any CPU.Deploy.0 = Debug|Any CPU
		{E5450865-7D35-4A8D-8AC6-7407F97CCD2C}.Release|Any CPU.ActiveCfg = Release|Any CPU
		{E5450865-7D35-4A8D-8AC6-7407F97CCD2C}.Release|Any CPU.Build.0 = Release|Any CPU
		{E5450865-7D35-4A8D-8AC6-7407F97CCD2C}.Release|Any CPU.Deploy.0 = Release|Any CPU
	EndGlobalSection
	GlobalSection(SolutionProperties) = preSolution
		HideSolutionNode = FALSE
	EndGlobalSection
	GlobalSection(ExtensibilityGlobals) = postSolution
		SolutionGuid = {43591077-2853-482E-992B-0351627E4E3B}
	EndGlobalSection
EndGlobal
