
Microsoft Visual Studio Solution File, Format Version 12.00
# Visual Studio Version 16
VisualStudioVersion = 16.0.29326.143
MinimumVisualStudioVersion = 10.0.40219.1
Project("{9A19103F-16F7-4668-BE54-9A1E7A4F7556}") = "ADPConfigurator.Web", "Web\ADPConfigurator.Web.csproj", "{F78B2387-E367-4131-894D-3B95A8FA93D2}"
EndProject
Project("{9A19103F-16F7-4668-BE54-9A1E7A4F7556}") = "ADPConfigurator.Domain", "Domain\ADPConfigurator.Domain.csproj", "{65048C0C-CC6C-49DF-9CCA-FDA535C81573}"
EndProject
Project("{9A19103F-16F7-4668-BE54-9A1E7A4F7556}") = "ADPConfigurator.Common", "Common\ADPConfigurator.Common.csproj", "{B01284B9-F19E-4C87-A829-4B4896A2A8CD}"
EndProject
Project("{9A19103F-16F7-4668-BE54-9A1E7A4F7556}") = "ADPConfigurator.Api", "Api\ADPConfigurator.Api.csproj", "{0BE1F184-4ABE-452F-908C-7CFC263C9035}"
EndProject
Project("{FAE04EC0-301F-11D3-BF4B-00C04F79EFBC}") = "TestDomain", "TestDomain\TestDomain.csproj", "{C4A3D251-A892-4966-B42E-126C4A2F9B3F}"
EndProject
Global
	GlobalSection(SolutionConfigurationPlatforms) = preSolution
		Debug|Any CPU = Debug|Any CPU
		Release|Any CPU = Release|Any CPU
	EndGlobalSection
	GlobalSection(ProjectConfigurationPlatforms) = postSolution
		{F78B2387-E367-4131-894D-3B95A8FA93D2}.Debug|Any CPU.ActiveCfg = Debug|Any CPU
		{F78B2387-E367-4131-894D-3B95A8FA93D2}.Debug|Any CPU.Build.0 = Debug|Any CPU
		{F78B2387-E367-4131-894D-3B95A8FA93D2}.Release|Any CPU.ActiveCfg = Release|Any CPU
		{F78B2387-E367-4131-894D-3B95A8FA93D2}.Release|Any CPU.Build.0 = Release|Any CPU
		{65048C0C-CC6C-49DF-9CCA-FDA535C81573}.Debug|Any CPU.ActiveCfg = Debug|Any CPU
		{65048C0C-CC6C-49DF-9CCA-FDA535C81573}.Debug|Any CPU.Build.0 = Debug|Any CPU
		{65048C0C-CC6C-49DF-9CCA-FDA535C81573}.Release|Any CPU.ActiveCfg = Release|Any CPU
		{65048C0C-CC6C-49DF-9CCA-FDA535C81573}.Release|Any CPU.Build.0 = Release|Any CPU
		{B01284B9-F19E-4C87-A829-4B4896A2A8CD}.Debug|Any CPU.ActiveCfg = Debug|Any CPU
		{B01284B9-F19E-4C87-A829-4B4896A2A8CD}.Debug|Any CPU.Build.0 = Debug|Any CPU
		{B01284B9-F19E-4C87-A829-4B4896A2A8CD}.Release|Any CPU.ActiveCfg = Release|Any CPU
		{B01284B9-F19E-4C87-A829-4B4896A2A8CD}.Release|Any CPU.Build.0 = Release|Any CPU
		{0BE1F184-4ABE-452F-908C-7CFC263C9035}.Debug|Any CPU.ActiveCfg = Debug|Any CPU
		{0BE1F184-4ABE-452F-908C-7CFC263C9035}.Debug|Any CPU.Build.0 = Debug|Any CPU
		{0BE1F184-4ABE-452F-908C-7CFC263C9035}.Release|Any CPU.ActiveCfg = Release|Any CPU
		{0BE1F184-4ABE-452F-908C-7CFC263C9035}.Release|Any CPU.Build.0 = Release|Any CPU
		{C4A3D251-A892-4966-B42E-126C4A2F9B3F}.Debug|Any CPU.ActiveCfg = Debug|Any CPU
		{C4A3D251-A892-4966-B42E-126C4A2F9B3F}.Debug|Any CPU.Build.0 = Debug|Any CPU
		{C4A3D251-A892-4966-B42E-126C4A2F9B3F}.Release|Any CPU.ActiveCfg = Release|Any CPU
		{C4A3D251-A892-4966-B42E-126C4A2F9B3F}.Release|Any CPU.Build.0 = Release|Any CPU
	EndGlobalSection
	GlobalSection(SolutionProperties) = preSolution
		HideSolutionNode = FALSE
	EndGlobalSection
	GlobalSection(ExtensibilityGlobals) = postSolution
		SolutionGuid = {A64A19B9-04E9-4D6F-83B4-3A644902146E}
	EndGlobalSection
EndGlobal
