
Microsoft Visual Studio Solution File, Format Version 12.00
# Visual Studio Version 16
VisualStudioVersion = 16.0.29613.14
MinimumVisualStudioVersion = 10.0.40219.1
Project("{9A19103F-16F7-4668-BE54-9A1E7A4F7556}") = "PowerShell", "PowerShell\PowerShell.csproj", "{5217836A-4963-4EE5-BA8F-433A46C7552A}"
EndProject
Project("{FAE04EC0-301F-11D3-BF4B-00C04F79EFBC}") = "CSharp", "CSharp\CSharp.csproj", "{7C60F084-4275-48FC-9BAA-193156D2930A}"
EndProject
Global
	GlobalSection(SolutionConfigurationPlatforms) = preSolution
		Debug|Any CPU = Debug|Any CPU
		Release|Any CPU = Release|Any CPU
	EndGlobalSection
	GlobalSection(ProjectConfigurationPlatforms) = postSolution
		{5217836A-4963-4EE5-BA8F-433A46C7552A}.Debug|Any CPU.ActiveCfg = Debug|Any CPU
		{5217836A-4963-4EE5-BA8F-433A46C7552A}.Debug|Any CPU.Build.0 = Debug|Any CPU
		{5217836A-4963-4EE5-BA8F-433A46C7552A}.Release|Any CPU.ActiveCfg = Release|Any CPU
		{5217836A-4963-4EE5-BA8F-433A46C7552A}.Release|Any CPU.Build.0 = Release|Any CPU
		{7C60F084-4275-48FC-9BAA-193156D2930A}.Debug|Any CPU.ActiveCfg = Debug|Any CPU
		{7C60F084-4275-48FC-9BAA-193156D2930A}.Debug|Any CPU.Build.0 = Debug|Any CPU
		{7C60F084-4275-48FC-9BAA-193156D2930A}.Release|Any CPU.ActiveCfg = Release|Any CPU
		{7C60F084-4275-48FC-9BAA-193156D2930A}.Release|Any CPU.Build.0 = Release|Any CPU
	EndGlobalSection
	GlobalSection(SolutionProperties) = preSolution
		HideSolutionNode = FALSE
	EndGlobalSection
	GlobalSection(ExtensibilityGlobals) = postSolution
		SolutionGuid = {F21EA24A-9ADA-40BD-B322-31BEF20D2D20}
	EndGlobalSection
EndGlobal
